
Microsoft Visual Studio Solution File, Format Version 12.00
# Visual Studio Version 17
VisualStudioVersion = 17.6.33829.357
MinimumVisualStudioVersion = 10.0.40219.1
Project("{FAE04EC0-301F-11D3-BF4B-00C04F79EFBC}") = "Exercise1", "Exercise1\Exercise1.csproj", "{619E279D-DDF0-476D-9EFE-6AFF89D13895}"
EndProject
Global
	GlobalSection(SolutionConfigurationPlatforms) = preSolution
		Debug|Any CPU = Debug|Any CPU
		Release|Any CPU = Release|Any CPU
	EndGlobalSection
	GlobalSection(ProjectConfigurationPlatforms) = postSolution
		{619E279D-DDF0-476D-9EFE-6AFF89D13895}.Debug|Any CPU.ActiveCfg = Debug|Any CPU
		{619E279D-DDF0-476D-9EFE-6AFF89D13895}.Debug|Any CPU.Build.0 = Debug|Any CPU
		{619E279D-DDF0-476D-9EFE-6AFF89D13895}.Release|Any CPU.ActiveCfg = Release|Any CPU
		{619E279D-DDF0-476D-9EFE-6AFF89D13895}.Release|Any CPU.Build.0 = Release|Any CPU
	EndGlobalSection
	GlobalSection(SolutionProperties) = preSolution
		HideSolutionNode = FALSE
	EndGlobalSection
	GlobalSection(ExtensibilityGlobals) = postSolution
		SolutionGuid = {04A920BC-900B-4CE9-B7DF-7B5ADE6720B1}
	EndGlobalSection
EndGlobal
